
Microsoft Visual Studio Solution File, Format Version 12.00
# Visual Studio Version 17
VisualStudioVersion = 17.14.36310.24 d17.14
MinimumVisualStudioVersion = 10.0.40219.1
Project("{FAE04EC0-301F-11D3-BF4B-00C04F79EFBC}") = "DevelopmentTimer.API", "DevelopmentTimer.API\DevelopmentTimer.API.csproj", "{C737D7D1-6C42-47CA-965D-90E006FF3DCE}"
EndProject
Project("{FAE04EC0-301F-11D3-BF4B-00C04F79EFBC}") = "DevelopmentTimer.DAL", "DevelopmentTime.DAL\DevelopmentTimer.DAL.csproj", "{4111FC02-E6C8-471B-8FB2-97BD37ACB497}"
EndProject
Global
	GlobalSection(SolutionConfigurationPlatforms) = preSolution
		Debug|Any CPU = Debug|Any CPU
		Release|Any CPU = Release|Any CPU
	EndGlobalSection
	GlobalSection(ProjectConfigurationPlatforms) = postSolution
		{C737D7D1-6C42-47CA-965D-90E006FF3DCE}.Debug|Any CPU.ActiveCfg = Debug|Any CPU
		{C737D7D1-6C42-47CA-965D-90E006FF3DCE}.Debug|Any CPU.Build.0 = Debug|Any CPU
		{C737D7D1-6C42-47CA-965D-90E006FF3DCE}.Release|Any CPU.ActiveCfg = Release|Any CPU
		{C737D7D1-6C42-47CA-965D-90E006FF3DCE}.Release|Any CPU.Build.0 = Release|Any CPU
		{4111FC02-E6C8-471B-8FB2-97BD37ACB497}.Debug|Any CPU.ActiveCfg = Debug|Any CPU
		{4111FC02-E6C8-471B-8FB2-97BD37ACB497}.Debug|Any CPU.Build.0 = Debug|Any CPU
		{4111FC02-E6C8-471B-8FB2-97BD37ACB497}.Release|Any CPU.ActiveCfg = Release|Any CPU
		{4111FC02-E6C8-471B-8FB2-97BD37ACB497}.Release|Any CPU.Build.0 = Release|Any CPU
	EndGlobalSection
	GlobalSection(SolutionProperties) = preSolution
		HideSolutionNode = FALSE
	EndGlobalSection
	GlobalSection(ExtensibilityGlobals) = postSolution
		SolutionGuid = {C9F889FA-0AC7-4579-834E-3F057DD8C4AC}
	EndGlobalSection
EndGlobal
